
Microsoft Visual Studio Solution File, Format Version 12.00
# Visual Studio Version 16
VisualStudioVersion = 16.0.30907.101
MinimumVisualStudioVersion = 10.0.40219.1
Project("{FAE04EC0-301F-11D3-BF4B-00C04F79EFBC}") = "RPNCalculator", "RPNCalculator\RPNCalculator.csproj", "{DC4E375A-F2F9-4192-8DC4-BFC1547DAEF5}"
EndProject
Project("{FAE04EC0-301F-11D3-BF4B-00C04F79EFBC}") = "RPNTests", "RPNTests\RPNTests.csproj", "{CCB6DD4B-EA3A-460B-B117-10BCC6653755}"
EndProject
Global
	GlobalSection(SolutionConfigurationPlatforms) = preSolution
		Debug|Any CPU = Debug|Any CPU
		Release|Any CPU = Release|Any CPU
	EndGlobalSection
	GlobalSection(ProjectConfigurationPlatforms) = postSolution
		{DC4E375A-F2F9-4192-8DC4-BFC1547DAEF5}.Debug|Any CPU.ActiveCfg = Debug|Any CPU
		{DC4E375A-F2F9-4192-8DC4-BFC1547DAEF5}.Debug|Any CPU.Build.0 = Debug|Any CPU
		{DC4E375A-F2F9-4192-8DC4-BFC1547DAEF5}.Release|Any CPU.ActiveCfg = Release|Any CPU
		{DC4E375A-F2F9-4192-8DC4-BFC1547DAEF5}.Release|Any CPU.Build.0 = Release|Any CPU
		{CCB6DD4B-EA3A-460B-B117-10BCC6653755}.Debug|Any CPU.ActiveCfg = Debug|Any CPU
		{CCB6DD4B-EA3A-460B-B117-10BCC6653755}.Debug|Any CPU.Build.0 = Debug|Any CPU
		{CCB6DD4B-EA3A-460B-B117-10BCC6653755}.Release|Any CPU.ActiveCfg = Release|Any CPU
		{CCB6DD4B-EA3A-460B-B117-10BCC6653755}.Release|Any CPU.Build.0 = Release|Any CPU
	EndGlobalSection
	GlobalSection(SolutionProperties) = preSolution
		HideSolutionNode = FALSE
	EndGlobalSection
	GlobalSection(ExtensibilityGlobals) = postSolution
		SolutionGuid = {24AC6679-610C-40A5-A4E3-B22A74C5F3AB}
	EndGlobalSection
EndGlobal
